
Microsoft Visual Studio Solution File, Format Version 12.00
# Visual Studio Version 16
VisualStudioVersion = 16.0.29001.49
MinimumVisualStudioVersion = 10.0.40219.1
Project("{FAE04EC0-301F-11D3-BF4B-00C04F79EFBC}") = "Adventure Game", "Adventure Game\Adventure Game.csproj", "{9F749BB4-DC54-41CC-9217-37D1A82DE6A2}"
EndProject
Global
	GlobalSection(SolutionConfigurationPlatforms) = preSolution
		Debug|Any CPU = Debug|Any CPU
		Release|Any CPU = Release|Any CPU
	EndGlobalSection
	GlobalSection(ProjectConfigurationPlatforms) = postSolution
		{9F749BB4-DC54-41CC-9217-37D1A82DE6A2}.Debug|Any CPU.ActiveCfg = Debug|Any CPU
		{9F749BB4-DC54-41CC-9217-37D1A82DE6A2}.Debug|Any CPU.Build.0 = Debug|Any CPU
		{9F749BB4-DC54-41CC-9217-37D1A82DE6A2}.Release|Any CPU.ActiveCfg = Release|Any CPU
		{9F749BB4-DC54-41CC-9217-37D1A82DE6A2}.Release|Any CPU.Build.0 = Release|Any CPU
	EndGlobalSection
	GlobalSection(SolutionProperties) = preSolution
		HideSolutionNode = FALSE
	EndGlobalSection
	GlobalSection(ExtensibilityGlobals) = postSolution
		SolutionGuid = {DDFE39A6-E7FD-4B5B-AA0A-6F04A4F67675}
	EndGlobalSection
EndGlobal
